{
  "object": {
    "pins": [
      {
        "package": "SwiftlySearch",
        "repositoryURL": "https://github.com/thislooksfun/SwiftlySearch.git",
        "state": {
          "branch": null,
          "revision": "a9a9101e1d04ba965eb38188b5d0809a4c745fcd",
          "version": "1.2.1"
        }
      }
    ]
  },
  "version": 1
}
