// !$*UTF8*$!
{
	archiveVersion = 1;
	classes = {
	};
	objectVersion = 50;
	objects = {

/* Begin PBXBuildFile section */
		0705CFB425373AAA00756220 /* Exercise+FetchRequest.swift in Sources */ = {isa = PBXBuildFile; fileRef = 0705CFB325373AAA00756220 /* Exercise+FetchRequest.swift */; };
		071E3903251AF3F800A35799 /* OverloadApp.swift in Sources */ = {isa = PBXBuildFile; fileRef = 071E3902251AF3F800A35799 /* OverloadApp.swift */; };
		071E3905251AF3F800A35799 /* ContentView.swift in Sources */ = {isa = PBXBuildFile; fileRef = 071E3904251AF3F800A35799 /* ContentView.swift */; };
		071E3907251AF3F900A35799 /* Assets.xcassets in Resources */ = {isa = PBXBuildFile; fileRef = 071E3906251AF3F900A35799 /* Assets.xcassets */; };
		071E390A251AF3F900A35799 /* Preview Assets.xcassets in Resources */ = {isa = PBXBuildFile; fileRef = 071E3909251AF3F900A35799 /* Preview Assets.xcassets */; };
		071E390C251AF3F900A35799 /* Persistence.swift in Sources */ = {isa = PBXBuildFile; fileRef = 071E390B251AF3F900A35799 /* Persistence.swift */; };
		071E391A251AF3F900A35799 /* OverloadTests.swift in Sources */ = {isa = PBXBuildFile; fileRef = 071E3919251AF3F900A35799 /* OverloadTests.swift */; };
		071E3925251AF3F900A35799 /* OverloadUITests.swift in Sources */ = {isa = PBXBuildFile; fileRef = 071E3924251AF3F900A35799 /* OverloadUITests.swift */; };
		07899CEB252191EF006C85B1 /* ExerciseView.swift in Sources */ = {isa = PBXBuildFile; fileRef = 07899CEA252191EF006C85B1 /* ExerciseView.swift */; };
		07CD00AD251C5027002FF127 /* Overload.xcdatamodeld in Sources */ = {isa = PBXBuildFile; fileRef = 07CD00AB251C5027002FF127 /* Overload.xcdatamodeld */; };
/* End PBXBuildFile section */

/* Begin PBXContainerItemProxy section */
		071E3916251AF3F900A35799 /* PBXContainerItemProxy */ = {
			isa = PBXContainerItemProxy;
			containerPortal = 071E38F7251AF3F800A35799 /* Project object */;
			proxyType = 1;
			remoteGlobalIDString = 071E38FE251AF3F800A35799;
			remoteInfo = Overload;
		};
		071E3921251AF3F900A35799 /* PBXContainerItemProxy */ = {
			isa = PBXContainerItemProxy;
			containerPortal = 071E38F7251AF3F800A35799 /* Project object */;
			proxyType = 1;
			remoteGlobalIDString = 071E38FE251AF3F800A35799;
			remoteInfo = Overload;
		};
/* End PBXContainerItemProxy section */

/* Begin PBXFileReference section */
		0705CFB325373AAA00756220 /* Exercise+FetchRequest.swift */ = {isa = PBXFileReference; lastKnownFileType = sourcecode.swift; path = "Exercise+FetchRequest.swift"; sourceTree = "<group>"; };
		071E38FF251AF3F800A35799 /* Overload.app */ = {isa = PBXFileReference; explicitFileType = wrapper.application; includeInIndex = 0; path = Overload.app; sourceTree = BUILT_PRODUCTS_DIR; };
		071E3902251AF3F800A35799 /* OverloadApp.swift */ = {isa = PBXFileReference; lastKnownFileType = sourcecode.swift; path = OverloadApp.swift; sourceTree = "<group>"; };
		071E3904251AF3F800A35799 /* ContentView.swift */ = {isa = PBXFileReference; lastKnownFileType = sourcecode.swift; path = ContentView.swift; sourceTree = "<group>"; };
		071E3906251AF3F900A35799 /* Assets.xcassets */ = {isa = PBXFileReference; lastKnownFileType = folder.assetcatalog; path = Assets.xcassets; sourceTree = "<group>"; };
		071E3909251AF3F900A35799 /* Preview Assets.xcassets */ = {isa = PBXFileReference; lastKnownFileType = folder.assetcatalog; path = "Preview Assets.xcassets"; sourceTree = "<group>"; };
		071E390B251AF3F900A35799 /* Persistence.swift */ = {isa = PBXFileReference; lastKnownFileType = sourcecode.swift; path = Persistence.swift; sourceTree = "<group>"; };
		071E3910251AF3F900A35799 /* Info.plist */ = {isa = PBXFileReference; lastKnownFileType = text.plist.xml; path = Info.plist; sourceTree = "<group>"; };
		071E3915251AF3F900A35799 /* OverloadTests.xctest */ = {isa = PBXFileReference; explicitFileType = wrapper.cfbundle; includeInIndex = 0; path = OverloadTests.xctest; sourceTree = BUILT_PRODUCTS_DIR; };
		071E3919251AF3F900A35799 /* OverloadTests.swift */ = {isa = PBXFileReference; lastKnownFileType = sourcecode.swift; path = OverloadTests.swift; sourceTree = "<group>"; };
		071E391B251AF3F900A35799 /* Info.plist */ = {isa = PBXFileReference; lastKnownFileType = text.plist.xml; path = Info.plist; sourceTree = "<group>"; };
		071E3920251AF3F900A35799 /* OverloadUITests.xctest */ = {isa = PBXFileReference; explicitFileType = wrapper.cfbundle; includeInIndex = 0; path = OverloadUITests.xctest; sourceTree = BUILT_PRODUCTS_DIR; };
		071E3924251AF3F900A35799 /* OverloadUITests.swift */ = {isa = PBXFileReference; lastKnownFileType = sourcecode.swift; path = OverloadUITests.swift; sourceTree = "<group>"; };
		071E3926251AF3F900A35799 /* Info.plist */ = {isa = PBXFileReference; lastKnownFileType = text.plist.xml; path = Info.plist; sourceTree = "<group>"; };
		07899CEA252191EF006C85B1 /* ExerciseView.swift */ = {isa = PBXFileReference; lastKnownFileType = sourcecode.swift; path = ExerciseView.swift; sourceTree = "<group>"; };
		07CD00AC251C5027002FF127 /* Overload.xcdatamodel */ = {isa = PBXFileReference; lastKnownFileType = wrapper.xcdatamodel; path = Overload.xcdatamodel; sourceTree = "<group>"; };
/* End PBXFileReference section */

/* Begin PBXFrameworksBuildPhase section */
		071E38FC251AF3F800A35799 /* Frameworks */ = {
			isa = PBXFrameworksBuildPhase;
			buildActionMask = 2147483647;
			files = (
			);
			runOnlyForDeploymentPostprocessing = 0;
		};
		071E3912251AF3F900A35799 /* Frameworks */ = {
			isa = PBXFrameworksBuildPhase;
			buildActionMask = 2147483647;
			files = (
			);
			runOnlyForDeploymentPostprocessing = 0;
		};
		071E391D251AF3F900A35799 /* Frameworks */ = {
			isa = PBXFrameworksBuildPhase;
			buildActionMask = 2147483647;
			files = (
			);
			runOnlyForDeploymentPostprocessing = 0;
		};
/* End PBXFrameworksBuildPhase section */

/* Begin PBXGroup section */
		071E38F6251AF3F800A35799 = {
			isa = PBXGroup;
			children = (
				071E3901251AF3F800A35799 /* Overload */,
				071E3918251AF3F900A35799 /* OverloadTests */,
				071E3923251AF3F900A35799 /* OverloadUITests */,
				071E3900251AF3F800A35799 /* Products */,
			);
			sourceTree = "<group>";
		};
		071E3900251AF3F800A35799 /* Products */ = {
			isa = PBXGroup;
			children = (
				071E38FF251AF3F800A35799 /* Overload.app */,
				071E3915251AF3F900A35799 /* OverloadTests.xctest */,
				071E3920251AF3F900A35799 /* OverloadUITests.xctest */,
			);
			name = Products;
			sourceTree = "<group>";
		};
		071E3901251AF3F800A35799 /* Overload */ = {
			isa = PBXGroup;
			children = (
				071E3902251AF3F800A35799 /* OverloadApp.swift */,
				071E3904251AF3F800A35799 /* ContentView.swift */,
				07899CEA252191EF006C85B1 /* ExerciseView.swift */,
				0705CFB325373AAA00756220 /* Exercise+FetchRequest.swift */,
				07CD00AB251C5027002FF127 /* Overload.xcdatamodeld */,
				071E3906251AF3F900A35799 /* Assets.xcassets */,
				071E390B251AF3F900A35799 /* Persistence.swift */,
				071E3910251AF3F900A35799 /* Info.plist */,
				071E3908251AF3F900A35799 /* Preview Content */,
			);
			path = Overload;
			sourceTree = "<group>";
		};
		071E3908251AF3F900A35799 /* Preview Content */ = {
			isa = PBXGroup;
			children = (
				071E3909251AF3F900A35799 /* Preview Assets.xcassets */,
			);
			path = "Preview Content";
			sourceTree = "<group>";
		};
		071E3918251AF3F900A35799 /* OverloadTests */ = {
			isa = PBXGroup;
			children = (
				071E3919251AF3F900A35799 /* OverloadTests.swift */,
				071E391B251AF3F900A35799 /* Info.plist */,
			);
			path = OverloadTests;
			sourceTree = "<group>";
		};
		071E3923251AF3F900A35799 /* OverloadUITests */ = {
			isa = PBXGroup;
			children = (
				071E3924251AF3F900A35799 /* OverloadUITests.swift */,
				071E3926251AF3F900A35799 /* Info.plist */,
			);
			path = OverloadUITests;
			sourceTree = "<group>";
		};
/* End PBXGroup section */

/* Begin PBXNativeTarget section */
		071E38FE251AF3F800A35799 /* Overload */ = {
			isa = PBXNativeTarget;
			buildConfigurationList = 071E3929251AF3F900A35799 /* Build configuration list for PBXNativeTarget "Overload" */;
			buildPhases = (
				071E38FB251AF3F800A35799 /* Sources */,
				071E38FC251AF3F800A35799 /* Frameworks */,
				071E38FD251AF3F800A35799 /* Resources */,
			);
			buildRules = (
			);
			dependencies = (
			);
			name = Overload;
			productName = Overload;
			productReference = 071E38FF251AF3F800A35799 /* Overload.app */;
			productType = "com.apple.product-type.application";
		};
		071E3914251AF3F900A35799 /* OverloadTests */ = {
			isa = PBXNativeTarget;
			buildConfigurationList = 071E392C251AF3F900A35799 /* Build configuration list for PBXNativeTarget "OverloadTests" */;
			buildPhases = (
				071E3911251AF3F900A35799 /* Sources */,
				071E3912251AF3F900A35799 /* Frameworks */,
				071E3913251AF3F900A35799 /* Resources */,
			);
			buildRules = (
			);
			dependencies = (
				071E3917251AF3F900A35799 /* PBXTargetDependency */,
			);
			name = OverloadTests;
			productName = OverloadTests;
			productReference = 071E3915251AF3F900A35799 /* OverloadTests.xctest */;
			productType = "com.apple.product-type.bundle.unit-test";
		};
		071E391F251AF3F900A35799 /* OverloadUITests */ = {
			isa = PBXNativeTarget;
			buildConfigurationList = 071E392F251AF3F900A35799 /* Build configuration list for PBXNativeTarget "OverloadUITests" */;
			buildPhases = (
				071E391C251AF3F900A35799 /* Sources */,
				071E391D251AF3F900A35799 /* Frameworks */,
				071E391E251AF3F900A35799 /* Resources */,
			);
			buildRules = (
			);
			dependencies = (
				071E3922251AF3F900A35799 /* PBXTargetDependency */,
			);
			name = OverloadUITests;
			productName = OverloadUITests;
			productReference = 071E3920251AF3F900A35799 /* OverloadUITests.xctest */;
			productType = "com.apple.product-type.bundle.ui-testing";
		};
/* End PBXNativeTarget section */

/* Begin PBXProject section */
		071E38F7251AF3F800A35799 /* Project object */ = {
			isa = PBXProject;
			attributes = {
				LastSwiftUpdateCheck = 1200;
				LastUpgradeCheck = 1200;
				TargetAttributes = {
					071E38FE251AF3F800A35799 = {
						CreatedOnToolsVersion = 12.0;
					};
					071E3914251AF3F900A35799 = {
						CreatedOnToolsVersion = 12.0;
						TestTargetID = 071E38FE251AF3F800A35799;
					};
					071E391F251AF3F900A35799 = {
						CreatedOnToolsVersion = 12.0;
						TestTargetID = 071E38FE251AF3F800A35799;
					};
				};
			};
			buildConfigurationList = 071E38FA251AF3F800A35799 /* Build configuration list for PBXProject "Overload" */;
			compatibilityVersion = "Xcode 9.3";
			developmentRegion = en;
			hasScannedForEncodings = 0;
			knownRegions = (
				en,
				Base,
			);
			mainGroup = 071E38F6251AF3F800A35799;
			productRefGroup = 071E3900251AF3F800A35799 /* Products */;
			projectDirPath = "";
			projectRoot = "";
			targets = (
				071E38FE251AF3F800A35799 /* Overload */,
				071E3914251AF3F900A35799 /* OverloadTests */,
				071E391F251AF3F900A35799 /* OverloadUITests */,
			);
		};
/* End PBXProject section */

/* Begin PBXResourcesBuildPhase section */
		071E38FD251AF3F800A35799 /* Resources */ = {
			isa = PBXResourcesBuildPhase;
			buildActionMask = 2147483647;
			files = (
				071E390A251AF3F900A35799 /* Preview Assets.xcassets in Resources */,
				071E3907251AF3F900A35799 /* Assets.xcassets in Resources */,
			);
			runOnlyForDeploymentPostprocessing = 0;
		};
		071E3913251AF3F900A35799 /* Resources */ = {
			isa = PBXResourcesBuildPhase;
			buildActionMask = 2147483647;
			files = (
			);
			runOnlyForDeploymentPostprocessing = 0;
		};
		071E391E251AF3F900A35799 /* Resources */ = {
			isa = PBXResourcesBuildPhase;
			buildActionMask = 2147483647;
			files = (
			);
			runOnlyForDeploymentPostprocessing = 0;
		};
/* End PBXResourcesBuildPhase section */

/* Begin PBXSourcesBuildPhase section */
		071E38FB251AF3F800A35799 /* Sources */ = {
			isa = PBXSourcesBuildPhase;
			buildActionMask = 2147483647;
			files = (
				071E390C251AF3F900A35799 /* Persistence.swift in Sources */,
				07CD00AD251C5027002FF127 /* Overload.xcdatamodeld in Sources */,
				071E3905251AF3F800A35799 /* ContentView.swift in Sources */,
				071E3903251AF3F800A35799 /* OverloadApp.swift in Sources */,
				0705CFB425373AAA00756220 /* Exercise+FetchRequest.swift in Sources */,
				07899CEB252191EF006C85B1 /* ExerciseView.swift in Sources */,
			);
			runOnlyForDeploymentPostprocessing = 0;
		};
		071E3911251AF3F900A35799 /* Sources */ = {
			isa = PBXSourcesBuildPhase;
			buildActionMask = 2147483647;
			files = (
				071E391A251AF3F900A35799 /* OverloadTests.swift in Sources */,
			);
			runOnlyForDeploymentPostprocessing = 0;
		};
		071E391C251AF3F900A35799 /* Sources */ = {
			isa = PBXSourcesBuildPhase;
			buildActionMask = 2147483647;
			files = (
				071E3925251AF3F900A35799 /* OverloadUITests.swift in Sources */,
			);
			runOnlyForDeploymentPostprocessing = 0;
		};
/* End PBXSourcesBuildPhase section */

/* Begin PBXTargetDependency section */
		071E3917251AF3F900A35799 /* PBXTargetDependency */ = {
			isa = PBXTargetDependency;
			target = 071E38FE251AF3F800A35799 /* Overload */;
			targetProxy = 071E3916251AF3F900A35799 /* PBXContainerItemProxy */;
		};
		071E3922251AF3F900A35799 /* PBXTargetDependency */ = {
			isa = PBXTargetDependency;
			target = 071E38FE251AF3F800A35799 /* Overload */;
			targetProxy = 071E3921251AF3F900A35799 /* PBXContainerItemProxy */;
		};
/* End PBXTargetDependency section */

/* Begin XCBuildConfiguration section */
		071E3927251AF3F900A35799 /* Debug */ = {
			isa = XCBuildConfiguration;
			buildSettings = {
				ALWAYS_SEARCH_USER_PATHS = NO;
				CLANG_ANALYZER_NONNULL = YES;
				CLANG_ANALYZER_NUMBER_OBJECT_CONVERSION = YES_AGGRESSIVE;
				CLANG_CXX_LANGUAGE_STANDARD = "gnu++14";
				CLANG_CXX_LIBRARY = "libc++";
				CLANG_ENABLE_MODULES = YES;
				CLANG_ENABLE_OBJC_ARC = YES;
				CLANG_ENABLE_OBJC_WEAK = YES;
				CLANG_WARN_BLOCK_CAPTURE_AUTORELEASING = YES;
				CLANG_WARN_BOOL_CONVERSION = YES;
				CLANG_WARN_COMMA = YES;
				CLANG_WARN_CONSTANT_CONVERSION = YES;
				CLANG_WARN_DEPRECATED_OBJC_IMPLEMENTATIONS = YES;
				CLANG_WARN_DIRECT_OBJC_ISA_USAGE = YES_ERROR;
				CLANG_WARN_DOCUMENTATION_COMMENTS = YES;
				CLANG_WARN_EMPTY_BODY = YES;
				CLANG_WARN_ENUM_CONVERSION = YES;
				CLANG_WARN_INFINITE_RECURSION = YES;
				CLANG_WARN_INT_CONVERSION = YES;
				CLANG_WARN_NON_LITERAL_NULL_CONVERSION = YES;
				CLANG_WARN_OBJC_IMPLICIT_RETAIN_SELF = YES;
				CLANG_WARN_OBJC_LITERAL_CONVERSION = YES;
				CLANG_WARN_OBJC_ROOT_CLASS = YES_ERROR;
				CLANG_WARN_QUOTED_INCLUDE_IN_FRAMEWORK_HEADER = YES;
				CLANG_WARN_RANGE_LOOP_ANALYSIS = YES;
				CLANG_WARN_STRICT_PROTOTYPES = YES;
				CLANG_WARN_SUSPICIOUS_MOVE = YES;
				CLANG_WARN_UNGUARDED_AVAILABILITY = YES_AGGRESSIVE;
				CLANG_WARN_UNREACHABLE_CODE = YES;
				CLANG_WARN__DUPLICATE_METHOD_MATCH = YES;
				COPY_PHASE_STRIP = NO;
				DEBUG_INFORMATION_FORMAT = dwarf;
				ENABLE_STRICT_OBJC_MSGSEND = YES;
				ENABLE_TESTABILITY = YES;
				GCC_C_LANGUAGE_STANDARD = gnu11;
				GCC_DYNAMIC_NO_PIC = NO;
				GCC_NO_COMMON_BLOCKS = YES;
				GCC_OPTIMIZATION_LEVEL = 0;
				GCC_PREPROCESSOR_DEFINITIONS = (
					"DEBUG=1",
					"$(inherited)",
				);
				GCC_WARN_64_TO_32_BIT_CONVERSION = YES;
				GCC_WARN_ABOUT_RETURN_TYPE = YES_ERROR;
				GCC_WARN_UNDECLARED_SELECTOR = YES;
				GCC_WARN_UNINITIALIZED_AUTOS = YES_AGGRESSIVE;
				GCC_WARN_UNUSED_FUNCTION = YES;
				GCC_WARN_UNUSED_VARIABLE = YES;
				IPHONEOS_DEPLOYMENT_TARGET = 14.0;
				MTL_ENABLE_DEBUG_INFO = INCLUDE_SOURCE;
				MTL_FAST_MATH = YES;
				ONLY_ACTIVE_ARCH = YES;
				SDKROOT = iphoneos;
				SWIFT_ACTIVE_COMPILATION_CONDITIONS = DEBUG;
				SWIFT_OPTIMIZATION_LEVEL = "-Onone";
			};
			name = Debug;
		};
		071E3928251AF3F900A35799 /* Release */ = {
			isa = XCBuildConfiguration;
			buildSettings = {
				ALWAYS_SEARCH_USER_PATHS = NO;
				CLANG_ANALYZER_NONNULL = YES;
				CLANG_ANALYZER_NUMBER_OBJECT_CONVERSION = YES_AGGRESSIVE;
				CLANG_CXX_LANGUAGE_STANDARD = "gnu++14";
				CLANG_CXX_LIBRARY = "libc++";
				CLANG_ENABLE_MODULES = YES;
				CLANG_ENABLE_OBJC_ARC = YES;
				CLANG_ENABLE_OBJC_WEAK = YES;
				CLANG_WARN_BLOCK_CAPTURE_AUTORELEASING = YES;
				CLANG_WARN_BOOL_CONVERSION = YES;
				CLANG_WARN_COMMA = YES;
				CLANG_WARN_CONSTANT_CONVERSION = YES;
				CLANG_WARN_DEPRECATED_OBJC_IMPLEMENTATIONS = YES;
				CLANG_WARN_DIRECT_OBJC_ISA_USAGE = YES_ERROR;
				CLANG_WARN_DOCUMENTATION_COMMENTS = YES;
				CLANG_WARN_EMPTY_BODY = YES;
				CLANG_WARN_ENUM_CONVERSION = YES;
				CLANG_WARN_INFINITE_RECURSION = YES;
				CLANG_WARN_INT_CONVERSION = YES;
				CLANG_WARN_NON_LITERAL_NULL_CONVERSION = YES;
				CLANG_WARN_OBJC_IMPLICIT_RETAIN_SELF = YES;
				CLANG_WARN_OBJC_LITERAL_CONVERSION = YES;
				CLANG_WARN_OBJC_ROOT_CLASS = YES_ERROR;
				CLANG_WARN_QUOTED_INCLUDE_IN_FRAMEWORK_HEADER = YES;
				CLANG_WARN_RANGE_LOOP_ANALYSIS = YES;
				CLANG_WARN_STRICT_PROTOTYPES = YES;
				CLANG_WARN_SUSPICIOUS_MOVE = YES;
				CLANG_WARN_UNGUARDED_AVAILABILITY = YES_AGGRESSIVE;
				CLANG_WARN_UNREACHABLE_CODE = YES;
				CLANG_WARN__DUPLICATE_METHOD_MATCH = YES;
				COPY_PHASE_STRIP = NO;
				DEBUG_INFORMATION_FORMAT = "dwarf-with-dsym";
				ENABLE_NS_ASSERTIONS = NO;
				ENABLE_STRICT_OBJC_MSGSEND = YES;
				GCC_C_LANGUAGE_STANDARD = gnu11;
				GCC_NO_COMMON_BLOCKS = YES;
				GCC_WARN_64_TO_32_BIT_CONVERSION = YES;
				GCC_WARN_ABOUT_RETURN_TYPE = YES_ERROR;
				GCC_WARN_UNDECLARED_SELECTOR = YES;
				GCC_WARN_UNINITIALIZED_AUTOS = YES_AGGRESSIVE;
				GCC_WARN_UNUSED_FUNCTION = YES;
				GCC_WARN_UNUSED_VARIABLE = YES;
				IPHONEOS_DEPLOYMENT_TARGET = 14.0;
				MTL_ENABLE_DEBUG_INFO = NO;
				MTL_FAST_MATH = YES;
				SDKROOT = iphoneos;
				SWIFT_COMPILATION_MODE = wholemodule;
				SWIFT_OPTIMIZATION_LEVEL = "-O";
				VALIDATE_PRODUCT = YES;
			};
			name = Release;
		};
		071E392A251AF3F900A35799 /* Debug */ = {
			isa = XCBuildConfiguration;
			buildSettings = {
				ASSETCATALOG_COMPILER_APPICON_NAME = AppIcon;
				ASSETCATALOG_COMPILER_GLOBAL_ACCENT_COLOR_NAME = AccentColor;
				CODE_SIGN_STYLE = Automatic;
				DEVELOPMENT_ASSET_PATHS = "\"Overload/Preview Content\"";
				ENABLE_PREVIEWS = YES;
				INFOPLIST_FILE = Overload/Info.plist;
				IPHONEOS_DEPLOYMENT_TARGET = 14.0;
				LD_RUNPATH_SEARCH_PATHS = (
					"$(inherited)",
					"@executable_path/Frameworks",
				);
				PRODUCT_BUNDLE_IDENTIFIER = com.strategicinformationservices.overload.Overload;
				PRODUCT_NAME = "$(TARGET_NAME)";
				SWIFT_VERSION = 5.0;
				TARGETED_DEVICE_FAMILY = "1,2";
			};
			name = Debug;
		};
		071E392B251AF3F900A35799 /* Release */ = {
			isa = XCBuildConfiguration;
			buildSettings = {
				ASSETCATALOG_COMPILER_APPICON_NAME = AppIcon;
				ASSETCATALOG_COMPILER_GLOBAL_ACCENT_COLOR_NAME = AccentColor;
				CODE_SIGN_STYLE = Automatic;
				DEVELOPMENT_ASSET_PATHS = "\"Overload/Preview Content\"";
				ENABLE_PREVIEWS = YES;
				INFOPLIST_FILE = Overload/Info.plist;
				IPHONEOS_DEPLOYMENT_TARGET = 14.0;
				LD_RUNPATH_SEARCH_PATHS = (
					"$(inherited)",
					"@executable_path/Frameworks",
				);
				PRODUCT_BUNDLE_IDENTIFIER = com.strategicinformationservices.overload.Overload;
				PRODUCT_NAME = "$(TARGET_NAME)";
				SWIFT_VERSION = 5.0;
				TARGETED_DEVICE_FAMILY = "1,2";
			};
			name = Release;
		};
		071E392D251AF3F900A35799 /* Debug */ = {
			isa = XCBuildConfiguration;
			buildSettings = {
				ALWAYS_EMBED_SWIFT_STANDARD_LIBRARIES = YES;
				BUNDLE_LOADER = "$(TEST_HOST)";
				CODE_SIGN_STYLE = Automatic;
				INFOPLIST_FILE = OverloadTests/Info.plist;
				IPHONEOS_DEPLOYMENT_TARGET = 14.0;
				LD_RUNPATH_SEARCH_PATHS = (
					"$(inherited)",
					"@executable_path/Frameworks",
					"@loader_path/Frameworks",
				);
				PRODUCT_BUNDLE_IDENTIFIER = com.strategicinformationservices.overload.OverloadTests;
				PRODUCT_NAME = "$(TARGET_NAME)";
				SWIFT_VERSION = 5.0;
				TARGETED_DEVICE_FAMILY = "1,2";
				TEST_HOST = "$(BUILT_PRODUCTS_DIR)/Overload.app/Overload";
			};
			name = Debug;
		};
		071E392E251AF3F900A35799 /* Release */ = {
			isa = XCBuildConfiguration;
			buildSettings = {
				ALWAYS_EMBED_SWIFT_STANDARD_LIBRARIES = YES;
				BUNDLE_LOADER = "$(TEST_HOST)";
				CODE_SIGN_STYLE = Automatic;
				INFOPLIST_FILE = OverloadTests/Info.plist;
				IPHONEOS_DEPLOYMENT_TARGET = 14.0;
				LD_RUNPATH_SEARCH_PATHS = (
					"$(inherited)",
					"@executable_path/Frameworks",
					"@loader_path/Frameworks",
				);
				PRODUCT_BUNDLE_IDENTIFIER = com.strategicinformationservices.overload.OverloadTests;
				PRODUCT_NAME = "$(TARGET_NAME)";
				SWIFT_VERSION = 5.0;
				TARGETED_DEVICE_FAMILY = "1,2";
				TEST_HOST = "$(BUILT_PRODUCTS_DIR)/Overload.app/Overload";
			};
			name = Release;
		};
		071E3930251AF3F900A35799 /* Debug */ = {
			isa = XCBuildConfiguration;
			buildSettings = {
				ALWAYS_EMBED_SWIFT_STANDARD_LIBRARIES = YES;
				CODE_SIGN_STYLE = Automatic;
				INFOPLIST_FILE = OverloadUITests/Info.plist;
				LD_RUNPATH_SEARCH_PATHS = (
					"$(inherited)",
					"@executable_path/Frameworks",
					"@loader_path/Frameworks",
				);
				PRODUCT_BUNDLE_IDENTIFIER = com.strategicinformationservices.overload.OverloadUITests;
				PRODUCT_NAME = "$(TARGET_NAME)";
				SWIFT_VERSION = 5.0;
				TARGETED_DEVICE_FAMILY = "1,2";
				TEST_TARGET_NAME = Overload;
			};
			name = Debug;
		};
		071E3931251AF3F900A35799 /* Release */ = {
			isa = XCBuildConfiguration;
			buildSettings = {
				ALWAYS_EMBED_SWIFT_STANDARD_LIBRARIES = YES;
				CODE_SIGN_STYLE = Automatic;
				INFOPLIST_FILE = OverloadUITests/Info.plist;
				LD_RUNPATH_SEARCH_PATHS = (
					"$(inherited)",
					"@executable_path/Frameworks",
					"@loader_path/Frameworks",
				);
				PRODUCT_BUNDLE_IDENTIFIER = com.strategicinformationservices.overload.OverloadUITests;
				PRODUCT_NAME = "$(TARGET_NAME)";
				SWIFT_VERSION = 5.0;
				TARGETED_DEVICE_FAMILY = "1,2";
				TEST_TARGET_NAME = Overload;
			};
			name = Release;
		};
/* End XCBuildConfiguration section */

/* Begin XCConfigurationList section */
		071E38FA251AF3F800A35799 /* Build configuration list for PBXProject "Overload" */ = {
			isa = XCConfigurationList;
			buildConfigurations = (
				071E3927251AF3F900A35799 /* Debug */,
				071E3928251AF3F900A35799 /* Release */,
			);
			defaultConfigurationIsVisible = 0;
			defaultConfigurationName = Release;
		};
		071E3929251AF3F900A35799 /* Build configuration list for PBXNativeTarget "Overload" */ = {
			isa = XCConfigurationList;
			buildConfigurations = (
				071E392A251AF3F900A35799 /* Debug */,
				071E392B251AF3F900A35799 /* Release */,
			);
			defaultConfigurationIsVisible = 0;
			defaultConfigurationName = Release;
		};
		071E392C251AF3F900A35799 /* Build configuration list for PBXNativeTarget "OverloadTests" */ = {
			isa = XCConfigurationList;
			buildConfigurations = (
				071E392D251AF3F900A35799 /* Debug */,
				071E392E251AF3F900A35799 /* Release */,
			);
			defaultConfigurationIsVisible = 0;
			defaultConfigurationName = Release;
		};
		071E392F251AF3F900A35799 /* Build configuration list for PBXNativeTarget "OverloadUITests" */ = {
			isa = XCConfigurationList;
			buildConfigurations = (
				071E3930251AF3F900A35799 /* Debug */,
				071E3931251AF3F900A35799 /* Release */,
			);
			defaultConfigurationIsVisible = 0;
			defaultConfigurationName = Release;
		};
/* End XCConfigurationList section */

/* Begin XCVersionGroup section */
		07CD00AB251C5027002FF127 /* Overload.xcdatamodeld */ = {
			isa = XCVersionGroup;
			children = (
				07CD00AC251C5027002FF127 /* Overload.xcdatamodel */,
			);
			currentVersion = 07CD00AC251C5027002FF127 /* Overload.xcdatamodel */;
			path = Overload.xcdatamodeld;
			sourceTree = "<group>";
			versionGroupType = wrapper.xcdatamodel;
		};
/* End XCVersionGroup section */
	};
	rootObject = 071E38F7251AF3F800A35799 /* Project object */;
}
